
Microsoft Visual Studio Solution File, Format Version 12.00
# Visual Studio Version 17
VisualStudioVersion = 17.3.32929.385
MinimumVisualStudioVersion = 10.0.40219.1
Project("{FAE04EC0-301F-11D3-BF4B-00C04F79EFBC}") = "APBD7", "APBD7\APBD7.csproj", "{F317239D-515F-4908-AD0D-902081B9B8BF}"
EndProject
Global
	GlobalSection(SolutionConfigurationPlatforms) = preSolution
		Debug|Any CPU = Debug|Any CPU
		Release|Any CPU = Release|Any CPU
	EndGlobalSection
	GlobalSection(ProjectConfigurationPlatforms) = postSolution
		{F317239D-515F-4908-AD0D-902081B9B8BF}.Debug|Any CPU.ActiveCfg = Debug|Any CPU
		{F317239D-515F-4908-AD0D-902081B9B8BF}.Debug|Any CPU.Build.0 = Debug|Any CPU
		{F317239D-515F-4908-AD0D-902081B9B8BF}.Release|Any CPU.ActiveCfg = Release|Any CPU
		{F317239D-515F-4908-AD0D-902081B9B8BF}.Release|Any CPU.Build.0 = Release|Any CPU
	EndGlobalSection
	GlobalSection(SolutionProperties) = preSolution
		HideSolutionNode = FALSE
	EndGlobalSection
	GlobalSection(ExtensibilityGlobals) = postSolution
		SolutionGuid = {8791D7C2-3818-4833-9143-4BEAD7A39D13}
	EndGlobalSection
EndGlobal
